Microsoft Visual Studio Solution File, Format Version 12.00
# Visual Studio 2012
Project("{FAE04EC0-301F-11D3-BF4B-00C04F79EFBC}") = "Squash the Creeps (3D)", "Squash the Creeps (3D).csproj", "{E8038632-2609-4FBA-AC91-69FC7D4F42EE}"
EndProject
Global
	GlobalSection(SolutionConfigurationPlatforms) = preSolution
	Debug|Any CPU = Debug|Any CPU
	ExportDebug|Any CPU = ExportDebug|Any CPU
	ExportRelease|Any CPU = ExportRelease|Any CPU
	EndGlobalSection
	GlobalSection(ProjectConfigurationPlatforms) = postSolution
		{E8038632-2609-4FBA-AC91-69FC7D4F42EE}.Debug|Any CPU.ActiveCfg = Debug|Any CPU
		{E8038632-2609-4FBA-AC91-69FC7D4F42EE}.Debug|Any CPU.Build.0 = Debug|Any CPU
		{E8038632-2609-4FBA-AC91-69FC7D4F42EE}.ExportDebug|Any CPU.ActiveCfg = ExportDebug|Any CPU
		{E8038632-2609-4FBA-AC91-69FC7D4F42EE}.ExportDebug|Any CPU.Build.0 = ExportDebug|Any CPU
		{E8038632-2609-4FBA-AC91-69FC7D4F42EE}.ExportRelease|Any CPU.ActiveCfg = ExportRelease|Any CPU
		{E8038632-2609-4FBA-AC91-69FC7D4F42EE}.ExportRelease|Any CPU.Build.0 = ExportRelease|Any CPU
	EndGlobalSection
EndGlobal
